// !$*UTF8*$!
{
	archiveVersion = 1;
	classes = {
	};
	objectVersion = 46;
	objects = {

/* Begin PBXBuildFile section */
		421EC97B1CA28CE200A14673 /* AppDelegate.m in Sources */ = {isa = PBXBuildFile; fileRef = 421EC97A1CA28CE200A14673 /* AppDelegate.m */; };
		421EC97E1CA28CE300A14673 /* main.m in Sources */ = {isa = PBXBuildFile; fileRef = 421EC97D1CA28CE300A14673 /* main.m */; };
		421EC9801CA28CE300A14673 /* Assets.xcassets in Resources */ = {isa = PBXBuildFile; fileRef = 421EC97F1CA28CE300A14673 /* Assets.xcassets */; };
		421EC9831CA28CE300A14673 /* MainMenu.xib in Resources */ = {isa = PBXBuildFile; fileRef = 421EC9811CA28CE300A14673 /* MainMenu.xib */; };
		425A61231CAA19D800EFAE0F /* Common.swift in Sources */ = {isa = PBXBuildFile; fileRef = 425A61221CAA19D800EFAE0F /* Common.swift */; };
		4261EF891CA95A4E00F83908 /* LoginController.swift in Sources */ = {isa = PBXBuildFile; fileRef = 4261EF871CA95A4E00F83908 /* LoginController.swift */; };
		4261EF8A1CA95A4E00F83908 /* LoginController.xib in Resources */ = {isa = PBXBuildFile; fileRef = 4261EF881CA95A4E00F83908 /* LoginController.xib */; };
		4261EF961CA9730600F83908 /* MBProgressHUD.m in Sources */ = {isa = PBXBuildFile; fileRef = 4261EF951CA9730600F83908 /* MBProgressHUD.m */; };
		4261EF981CA979CE00F83908 /* DBFMClient.swift in Sources */ = {isa = PBXBuildFile; fileRef = 4261EF971CA979CE00F83908 /* DBFMClient.swift */; };
		DDD0212C055F26E91602173B /* Pods_DoubanFM.framework in Frameworks */ = {isa = PBXBuildFile; fileRef = 269ED5BDA0348E5A9EE5CA19 /* Pods_DoubanFM.framework */; };
/* End PBXBuildFile section */

/* Begin PBXFileReference section */
		269ED5BDA0348E5A9EE5CA19 /* Pods_DoubanFM.framework */ = {isa = PBXFileReference; explicitFileType = wrapper.framework; includeInIndex = 0; path = Pods_DoubanFM.framework; sourceTree = BUILT_PRODUCTS_DIR; };
		40B65AE5B84103521783C305 /* Pods-DoubanFM.debug.xcconfig */ = {isa = PBXFileReference; includeInIndex = 1; lastKnownFileType = text.xcconfig; name = "Pods-DoubanFM.debug.xcconfig"; path = "Pods/Target Support Files/Pods-DoubanFM/Pods-DoubanFM.debug.xcconfig"; sourceTree = "<group>"; };
		421EC9761CA28CE200A14673 /* DoubanFM.app */ = {isa = PBXFileReference; explicitFileType = wrapper.application; includeInIndex = 0; path = DoubanFM.app; sourceTree = BUILT_PRODUCTS_DIR; };
		421EC9791CA28CE200A14673 /* AppDelegate.h */ = {isa = PBXFileReference; lastKnownFileType = sourcecode.c.h; path = AppDelegate.h; sourceTree = "<group>"; };
		421EC97A1CA28CE200A14673 /* AppDelegate.m */ = {isa = PBXFileReference; lastKnownFileType = sourcecode.c.objc; path = AppDelegate.m; sourceTree = "<group>"; };
		421EC97D1CA28CE300A14673 /* main.m */ = {isa = PBXFileReference; lastKnownFileType = sourcecode.c.objc; path = main.m; sourceTree = "<group>"; };
		421EC97F1CA28CE300A14673 /* Assets.xcassets */ = {isa = PBXFileReference; lastKnownFileType = folder.assetcatalog; path = Assets.xcassets; sourceTree = "<group>"; };
		421EC9821CA28CE300A14673 /* Base */ = {isa = PBXFileReference; lastKnownFileType = file.xib; name = Base; path = Base.lproj/MainMenu.xib; sourceTree = "<group>"; };
		421EC9841CA28CE300A14673 /* Info.plist */ = {isa = PBXFileReference; lastKnownFileType = text.plist.xml; path = Info.plist; sourceTree = "<group>"; };
		425A61221CAA19D800EFAE0F /* Common.swift */ = {isa = PBXFileReference; fileEncoding = 4; lastKnownFileType = sourcecode.swift; path = Common.swift; sourceTree = "<group>"; };
		4261EF861CA95A4E00F83908 /* DoubanFM-Bridging-Header.h */ = {isa = PBXFileReference; lastKnownFileType = sourcecode.c.h; path = "DoubanFM-Bridging-Header.h"; sourceTree = "<group>"; };
		4261EF871CA95A4E00F83908 /* LoginController.swift */ = {isa = PBXFileReference; fileEncoding = 4; lastKnownFileType = sourcecode.swift; path = LoginController.swift; sourceTree = "<group>"; };
		4261EF881CA95A4E00F83908 /* LoginController.xib */ = {isa = PBXFileReference; fileEncoding = 4; lastKnownFileType = file.xib; path = LoginController.xib; sourceTree = "<group>"; };
		4261EF941CA9730600F83908 /* MBProgressHUD.h */ = {isa = PBXFileReference; fileEncoding = 4; lastKnownFileType = sourcecode.c.h; path = MBProgressHUD.h; sourceTree = "<group>"; };
		4261EF951CA9730600F83908 /* MBProgressHUD.m */ = {isa = PBXFileReference; fileEncoding = 4; lastKnownFileType = sourcecode.c.objc; path = MBProgressHUD.m; sourceTree = "<group>"; };
		4261EF971CA979CE00F83908 /* DBFMClient.swift */ = {isa = PBXFileReference; fileEncoding = 4; lastKnownFileType = sourcecode.swift; path = DBFMClient.swift; sourceTree = "<group>"; };
		A291B9E7EF3CC46C2A08385C /* Pods-DoubanFM.release.xcconfig */ = {isa = PBXFileReference; includeInIndex = 1; lastKnownFileType = text.xcconfig; name = "Pods-DoubanFM.release.xcconfig"; path = "Pods/Target Support Files/Pods-DoubanFM/Pods-DoubanFM.release.xcconfig"; sourceTree = "<group>"; };
/* End PBXFileReference section */

/* Begin PBXFrameworksBuildPhase section */
		421EC9731CA28CE200A14673 /* Frameworks */ = {
			isa = PBXFrameworksBuildPhase;
			buildActionMask = 2147483647;
			files = (
				DDD0212C055F26E91602173B /* Pods_DoubanFM.framework in Frameworks */,
			);
			runOnlyForDeploymentPostprocessing = 0;
		};
/* End PBXFrameworksBuildPhase section */

/* Begin PBXGroup section */
		421EC96D1CA28CE200A14673 = {
			isa = PBXGroup;
			children = (
				421EC9781CA28CE200A14673 /* DoubanFM */,
				421EC9771CA28CE200A14673 /* Products */,
				4679FAD6EF8C1A357D75E12D /* Pods */,
				74E1D65A5D4B629CD38CD7EB /* Frameworks */,
			);
			sourceTree = "<group>";
		};
		421EC9771CA28CE200A14673 /* Products */ = {
			isa = PBXGroup;
			children = (
				421EC9761CA28CE200A14673 /* DoubanFM.app */,
			);
			name = Products;
			sourceTree = "<group>";
		};
		421EC9781CA28CE200A14673 /* DoubanFM */ = {
			isa = PBXGroup;
			children = (
				425A61211CAA19CC00EFAE0F /* Common */,
				4261EF921CA9730600F83908 /* libs */,
				4261EF8B1CA961ED00F83908 /* Client */,
				4261EF851CA95A1000F83908 /* Login */,
				4261EF9A1CA9885800F83908 /* Player */,
				421EC9791CA28CE200A14673 /* AppDelegate.h */,
				421EC97A1CA28CE200A14673 /* AppDelegate.m */,
				421EC97F1CA28CE300A14673 /* Assets.xcassets */,
				421EC9811CA28CE300A14673 /* MainMenu.xib */,
				421EC9841CA28CE300A14673 /* Info.plist */,
				421EC97C1CA28CE300A14673 /* Supporting Files */,
			);
			path = DoubanFM;
			sourceTree = "<group>";
		};
		421EC97C1CA28CE300A14673 /* Supporting Files */ = {
			isa = PBXGroup;
			children = (
				421EC97D1CA28CE300A14673 /* main.m */,
			);
			name = "Supporting Files";
			sourceTree = "<group>";
		};
		425A61211CAA19CC00EFAE0F /* Common */ = {
			isa = PBXGroup;
			children = (
				425A61221CAA19D800EFAE0F /* Common.swift */,
			);
			name = Common;
			sourceTree = "<group>";
		};
		4261EF851CA95A1000F83908 /* Login */ = {
			isa = PBXGroup;
			children = (
				4261EF871CA95A4E00F83908 /* LoginController.swift */,
				4261EF881CA95A4E00F83908 /* LoginController.xib */,
				4261EF861CA95A4E00F83908 /* DoubanFM-Bridging-Header.h */,
			);
			name = Login;
			sourceTree = "<group>";
		};
		4261EF8B1CA961ED00F83908 /* Client */ = {
			isa = PBXGroup;
			children = (
				4261EF971CA979CE00F83908 /* DBFMClient.swift */,
			);
			name = Client;
			sourceTree = "<group>";
		};
		4261EF921CA9730600F83908 /* libs */ = {
			isa = PBXGroup;
			children = (
				4261EF931CA9730600F83908 /* HUDOSX */,
			);
			path = libs;
			sourceTree = "<group>";
		};
		4261EF931CA9730600F83908 /* HUDOSX */ = {
			isa = PBXGroup;
			children = (
				4261EF941CA9730600F83908 /* MBProgressHUD.h */,
				4261EF951CA9730600F83908 /* MBProgressHUD.m */,
			);
			path = HUDOSX;
			sourceTree = "<group>";
		};
		4261EF9A1CA9885800F83908 /* Player */ = {
			isa = PBXGroup;
			children = (
			);
			name = Player;
			sourceTree = "<group>";
		};
		4679FAD6EF8C1A357D75E12D /* Pods */ = {
			isa = PBXGroup;
			children = (
				40B65AE5B84103521783C305 /* Pods-DoubanFM.debug.xcconfig */,
				A291B9E7EF3CC46C2A08385C /* Pods-DoubanFM.release.xcconfig */,
			);
			name = Pods;
			sourceTree = "<group>";
		};
		74E1D65A5D4B629CD38CD7EB /* Frameworks */ = {
			isa = PBXGroup;
			children = (
				269ED5BDA0348E5A9EE5CA19 /* Pods_DoubanFM.framework */,
			);
			name = Frameworks;
			sourceTree = "<group>";
		};
/* End PBXGroup section */

/* Begin PBXNativeTarget section */
		421EC9751CA28CE200A14673 /* DoubanFM */ = {
			isa = PBXNativeTarget;
			buildConfigurationList = 421EC9871CA28CE300A14673 /* Build configuration list for PBXNativeTarget "DoubanFM" */;
			buildPhases = (
				401BA09F0B57937D08521DEE /* Check Pods Manifest.lock */,
				421EC9721CA28CE200A14673 /* Sources */,
				421EC9731CA28CE200A14673 /* Frameworks */,
				421EC9741CA28CE200A14673 /* Resources */,
				43C9F6A7EDDCBE9CCE47B45D /* Embed Pods Frameworks */,
				FC04D338E5EE2403AA69CDC0 /* Copy Pods Resources */,
			);
			buildRules = (
			);
			dependencies = (
			);
			name = DoubanFM;
			productName = DoubanFM;
			productReference = 421EC9761CA28CE200A14673 /* DoubanFM.app */;
			productType = "com.apple.product-type.application";
		};
/* End PBXNativeTarget section */

/* Begin PBXProject section */
		421EC96E1CA28CE200A14673 /* Project object */ = {
			isa = PBXProject;
			attributes = {
				LastUpgradeCheck = 0730;
				ORGANIZATIONNAME = cc;
				TargetAttributes = {
					421EC9751CA28CE200A14673 = {
						CreatedOnToolsVersion = 7.3;
					};
				};
			};
			buildConfigurationList = 421EC9711CA28CE200A14673 /* Build configuration list for PBXProject "DoubanFM" */;
			compatibilityVersion = "Xcode 3.2";
			developmentRegion = English;
			hasScannedForEncodings = 0;
			knownRegions = (
				en,
				Base,
			);
			mainGroup = 421EC96D1CA28CE200A14673;
			productRefGroup = 421EC9771CA28CE200A14673 /* Products */;
			projectDirPath = "";
			projectRoot = "";
			targets = (
				421EC9751CA28CE200A14673 /* DoubanFM */,
			);
		};
/* End PBXProject section */

/* Begin PBXResourcesBuildPhase section */
		421EC9741CA28CE200A14673 /* Resources */ = {
			isa = PBXResourcesBuildPhase;
			buildActionMask = 2147483647;
			files = (
				421EC9801CA28CE300A14673 /* Assets.xcassets in Resources */,
				4261EF8A1CA95A4E00F83908 /* LoginController.xib in Resources */,
				421EC9831CA28CE300A14673 /* MainMenu.xib in Resources */,
			);
			runOnlyForDeploymentPostprocessing = 0;
		};
/* End PBXResourcesBuildPhase section */

/* Begin PBXShellScriptBuildPhase section */
		401BA09F0B57937D08521DEE /* Check Pods Manifest.lock */ = {
			isa = PBXShellScriptBuildPhase;
			buildActionMask = 2147483647;
			files = (
			);
			inputPaths = (
			);
			name = "Check Pods Manifest.lock";
			outputPaths = (
			);
			runOnlyForDeploymentPostprocessing = 0;
			shellPath = /bin/sh;
			shellScript = "diff \"${PODS_ROOT}/../Podfile.lock\" \"${PODS_ROOT}/Manifest.lock\" > /dev/null\nif [[ $? != 0 ]] ; then\n    cat << EOM\nerror: The sandbox is not in sync with the Podfile.lock. Run 'pod install' or update your CocoaPods installation.\nEOM\n    exit 1\nfi\n";
			showEnvVarsInLog = 0;
		};
		43C9F6A7EDDCBE9CCE47B45D /* Embed Pods Frameworks */ = {
			isa = PBXShellScriptBuildPhase;
			buildActionMask = 2147483647;
			files = (
			);
			inputPaths = (
			);
			name = "Embed Pods Frameworks";
			outputPaths = (
			);
			runOnlyForDeploymentPostprocessing = 0;
			shellPath = /bin/sh;
			shellScript = "\"${SRCROOT}/Pods/Target Support Files/Pods-DoubanFM/Pods-DoubanFM-frameworks.sh\"\n";
			showEnvVarsInLog = 0;
		};
		FC04D338E5EE2403AA69CDC0 /* Copy Pods Resources */ = {
			isa = PBXShellScriptBuildPhase;
			buildActionMask = 2147483647;
			files = (
			);
			inputPaths = (
			);
			name = "Copy Pods Resources";
			outputPaths = (
			);
			runOnlyForDeploymentPostprocessing = 0;
			shellPath = /bin/sh;
			shellScript = "\"${SRCROOT}/Pods/Target Support Files/Pods-DoubanFM/Pods-DoubanFM-resources.sh\"\n";
			showEnvVarsInLog = 0;
		};
/* End PBXShellScriptBuildPhase section */

/* Begin PBXSourcesBuildPhase section */
		421EC9721CA28CE200A14673 /* Sources */ = {
			isa = PBXSourcesBuildPhase;
			buildActionMask = 2147483647;
			files = (
				421EC97E1CA28CE300A14673 /* main.m in Sources */,
				4261EF891CA95A4E00F83908 /* LoginController.swift in Sources */,
				4261EF961CA9730600F83908 /* MBProgressHUD.m in Sources */,
				421EC97B1CA28CE200A14673 /* AppDelegate.m in Sources */,
				425A61231CAA19D800EFAE0F /* Common.swift in Sources */,
				4261EF981CA979CE00F83908 /* DBFMClient.swift in Sources */,
			);
			runOnlyForDeploymentPostprocessing = 0;
		};
/* End PBXSourcesBuildPhase section */

/* Begin PBXVariantGroup section */
		421EC9811CA28CE300A14673 /* MainMenu.xib */ = {
			isa = PBXVariantGroup;
			children = (
				421EC9821CA28CE300A14673 /* Base */,
			);
			name = MainMenu.xib;
			sourceTree = "<group>";
		};
/* End PBXVariantGroup section */

/* Begin XCBuildConfiguration section */
		421EC9851CA28CE300A14673 /* Debug */ = {
			isa = XCBuildConfiguration;
			buildSettings = {
				ALWAYS_SEARCH_USER_PATHS = NO;
				CLANG_ANALYZER_NONNULL = YES;
				CLANG_CXX_LANGUAGE_STANDARD = "gnu++0x";
				CLANG_CXX_LIBRARY = "libc++";
				CLANG_ENABLE_MODULES = YES;
				CLANG_ENABLE_OBJC_ARC = YES;
				CLANG_WARN_BOOL_CONVERSION = YES;
				CLANG_WARN_CONSTANT_CONVERSION = YES;
				CLANG_WARN_DIRECT_OBJC_ISA_USAGE = YES_ERROR;
				CLANG_WARN_EMPTY_BODY = YES;
				CLANG_WARN_ENUM_CONVERSION = YES;
				CLANG_WARN_INT_CONVERSION = YES;
				CLANG_WARN_OBJC_ROOT_CLASS = YES_ERROR;
				CLANG_WARN_UNREACHABLE_CODE = YES;
				CLANG_WARN__DUPLICATE_METHOD_MATCH = YES;
				CODE_SIGN_IDENTITY = "-";
				COPY_PHASE_STRIP = NO;
				DEBUG_INFORMATION_FORMAT = dwarf;
				ENABLE_STRICT_OBJC_MSGSEND = YES;
				ENABLE_TESTABILITY = YES;
				GCC_C_LANGUAGE_STANDARD = gnu99;
				GCC_DYNAMIC_NO_PIC = NO;
				GCC_NO_COMMON_BLOCKS = YES;
				GCC_OPTIMIZATION_LEVEL = 0;
				GCC_PREPROCESSOR_DEFINITIONS = (
					"DEBUG=1",
					"$(inherited)",
				);
				GCC_WARN_64_TO_32_BIT_CONVERSION = YES;
				GCC_WARN_ABOUT_RETURN_TYPE = YES_ERROR;
				GCC_WARN_UNDECLARED_SELECTOR = YES;
				GCC_WARN_UNINITIALIZED_AUTOS = YES_AGGRESSIVE;
				GCC_WARN_UNUSED_FUNCTION = YES;
				GCC_WARN_UNUSED_VARIABLE = YES;
				MACOSX_DEPLOYMENT_TARGET = 10.11;
				MTL_ENABLE_DEBUG_INFO = YES;
				ONLY_ACTIVE_ARCH = YES;
				SDKROOT = macosx;
			};
			name = Debug;
		};
		421EC9861CA28CE300A14673 /* Release */ = {
			isa = XCBuildConfiguration;
			buildSettings = {
				ALWAYS_SEARCH_USER_PATHS = NO;
				CLANG_ANALYZER_NONNULL = YES;
				CLANG_CXX_LANGUAGE_STANDARD = "gnu++0x";
				CLANG_CXX_LIBRARY = "libc++";
				CLANG_ENABLE_MODULES = YES;
				CLANG_ENABLE_OBJC_ARC = YES;
				CLANG_WARN_BOOL_CONVERSION = YES;
				CLANG_WARN_CONSTANT_CONVERSION = YES;
				CLANG_WARN_DIRECT_OBJC_ISA_USAGE = YES_ERROR;
				CLANG_WARN_EMPTY_BODY = YES;
				CLANG_WARN_ENUM_CONVERSION = YES;
				CLANG_WARN_INT_CONVERSION = YES;
				CLANG_WARN_OBJC_ROOT_CLASS = YES_ERROR;
				CLANG_WARN_UNREACHABLE_CODE = YES;
				CLANG_WARN__DUPLICATE_METHOD_MATCH = YES;
				CODE_SIGN_IDENTITY = "-";
				COPY_PHASE_STRIP = NO;
				DEBUG_INFORMATION_FORMAT = "dwarf-with-dsym";
				ENABLE_NS_ASSERTIONS = NO;
				ENABLE_STRICT_OBJC_MSGSEND = YES;
				GCC_C_LANGUAGE_STANDARD = gnu99;
				GCC_NO_COMMON_BLOCKS = YES;
				GCC_WARN_64_TO_32_BIT_CONVERSION = YES;
				GCC_WARN_ABOUT_RETURN_TYPE = YES_ERROR;
				GCC_WARN_UNDECLARED_SELECTOR = YES;
				GCC_WARN_UNINITIALIZED_AUTOS = YES_AGGRESSIVE;
				GCC_WARN_UNUSED_FUNCTION = YES;
				GCC_WARN_UNUSED_VARIABLE = YES;
				MACOSX_DEPLOYMENT_TARGET = 10.11;
				MTL_ENABLE_DEBUG_INFO = NO;
				SDKROOT = macosx;
			};
			name = Release;
		};
		421EC9881CA28CE300A14673 /* Debug */ = {
			isa = XCBuildConfiguration;
			baseConfigurationReference = 40B65AE5B84103521783C305 /* Pods-DoubanFM.debug.xcconfig */;
			buildSettings = {
				ASSETCATALOG_COMPILER_APPICON_NAME = AppIcon;
				CLANG_ENABLE_MODULES = YES;
				COMBINE_HIDPI_IMAGES = YES;
				INFOPLIST_FILE = DoubanFM/Info.plist;
				LD_RUNPATH_SEARCH_PATHS = "$(inherited) @executable_path/../Frameworks";
				MACOSX_DEPLOYMENT_TARGET = 10.9;
				PRODUCT_BUNDLE_IDENTIFIER = com.cc.DoubanFM;
				PRODUCT_NAME = "$(TARGET_NAME)";
				SWIFT_OBJC_BRIDGING_HEADER = "DoubanFM/DoubanFM-Bridging-Header.h";
				SWIFT_OPTIMIZATION_LEVEL = "-Onone";
			};
			name = Debug;
		};
		421EC9891CA28CE300A14673 /* Release */ = {
			isa = XCBuildConfiguration;
			baseConfigurationReference = A291B9E7EF3CC46C2A08385C /* Pods-DoubanFM.release.xcconfig */;
			buildSettings = {
				ASSETCATALOG_COMPILER_APPICON_NAME = AppIcon;
				CLANG_ENABLE_MODULES = YES;
				COMBINE_HIDPI_IMAGES = YES;
				INFOPLIST_FILE = DoubanFM/Info.plist;
				LD_RUNPATH_SEARCH_PATHS = "$(inherited) @executable_path/../Frameworks";
				MACOSX_DEPLOYMENT_TARGET = 10.9;
				PRODUCT_BUNDLE_IDENTIFIER = com.cc.DoubanFM;
				PRODUCT_NAME = "$(TARGET_NAME)";
				SWIFT_OBJC_BRIDGING_HEADER = "DoubanFM/DoubanFM-Bridging-Header.h";
			};
			name = Release;
		};
/* End XCBuildConfiguration section */

/* Begin XCConfigurationList section */
		421EC9711CA28CE200A14673 /* Build configuration list for PBXProject "DoubanFM" */ = {
			isa = XCConfigurationList;
			buildConfigurations = (
				421EC9851CA28CE300A14673 /* Debug */,
				421EC9861CA28CE300A14673 /* Release */,
			);
			defaultConfigurationIsVisible = 0;
			defaultConfigurationName = Release;
		};
		421EC9871CA28CE300A14673 /* Build configuration list for PBXNativeTarget "DoubanFM" */ = {
			isa = XCConfigurationList;
			buildConfigurations = (
				421EC9881CA28CE300A14673 /* Debug */,
				421EC9891CA28CE300A14673 /* Release */,
			);
			defaultConfigurationIsVisible = 0;
			defaultConfigurationName = Release;
		};
/* End XCConfigurationList section */
	};
	rootObject = 421EC96E1CA28CE200A14673 /* Project object */;
}
